<?xml version="1.0" encoding="UTF-8"?>
<Scheme
   version = "1.3">
   <BuildAction>
      <BuildActionEntries>
         <BuildActionEntry
            buildForRunning = "YES"
            buildForTesting = "YES">
            <BuildableReference
               BuildableIdentifier = "primary"
               BlueprintIdentifier = "5847CA6C1A02EB45003CDE56"
               BuildableName = "CelebrityCrunchTests.xctest"
               BlueprintName = "CelebrityCrunchTests"
               ReferencedContainer = "container:CelebrityCrunch.xcodeproj">
            </BuildableReference>
         </BuildActionEntry>
      </BuildActionEntries>
   </BuildAction>
   <TestAction
      buildConfiguration = "Debug">
      <Testables>
         <TestableReference>
            <BuildableReference
               BuildableIdentifier = "primary"
               BlueprintIdentifier = "5847CA6C1A02EB45003CDE56"
               BuildableName = "CelebrityCrunchTests.xctest"
               BlueprintName = "CelebrityCrunchTests"
               ReferencedContainer = "container:CelebrityCrunch.xcodeproj">
            </BuildableReference>
         </TestableReference>
      </Testables>
   </TestAction>
   <LaunchAction
      useCustomWorkingDirectory = "NO">
   </LaunchAction>
</Scheme>
